
Microsoft Visual Studio Solution File, Format Version 12.00
# Visual Studio Version 17
VisualStudioVersion = 17.0.32014.148
MinimumVisualStudioVersion = 10.0.40219.1
Project("{9A19103F-16F7-4668-BE54-9A1E7A4F7556}") = "Berger.Extensions.Cryptography", "Berger.Extensions.Cryptography\Berger.Extensions.Cryptography.csproj", "{B174B1A3-8113-47FC-A3B2-5907265FE5C3}"
EndProject
Project("{2150E333-8FDC-42A3-9474-1A3956D46DE8}") = "Source", "Source", "{EBC33200-59B9-43D5-A83F-5128CA29A0EF}"
EndProject
Project("{2150E333-8FDC-42A3-9474-1A3956D46DE8}") = "Build", "Build", "{E3BF1BB5-BB0E-4B43-862C-9037CD950FD9}"
	ProjectSection(SolutionItems) = preProject
		..\build\Berger.Extensions.Cryptography.yml = ..\build\Berger.Extensions.Cryptography.yml
	EndProjectSection
EndProject
Global
	GlobalSection(SolutionConfigurationPlatforms) = preSolution
		Debug|Any CPU = Debug|Any CPU
		Release|Any CPU = Release|Any CPU
	EndGlobalSection
	GlobalSection(ProjectConfigurationPlatforms) = postSolution
		{B174B1A3-8113-47FC-A3B2-5907265FE5C3}.Debug|Any CPU.ActiveCfg = Debug|Any CPU
		{B174B1A3-8113-47FC-A3B2-5907265FE5C3}.Debug|Any CPU.Build.0 = Debug|Any CPU
		{B174B1A3-8113-47FC-A3B2-5907265FE5C3}.Release|Any CPU.ActiveCfg = Release|Any CPU
		{B174B1A3-8113-47FC-A3B2-5907265FE5C3}.Release|Any CPU.Build.0 = Release|Any CPU
	EndGlobalSection
	GlobalSection(SolutionProperties) = preSolution
		HideSolutionNode = FALSE
	EndGlobalSection
	GlobalSection(NestedProjects) = preSolution
		{B174B1A3-8113-47FC-A3B2-5907265FE5C3} = {EBC33200-59B9-43D5-A83F-5128CA29A0EF}
	EndGlobalSection
	GlobalSection(ExtensibilityGlobals) = postSolution
		SolutionGuid = {4961BE93-F316-4B63-8144-768113F9C617}
	EndGlobalSection
EndGlobal
